
Microsoft Visual Studio Solution File, Format Version 12.00
# Visual Studio Version 17
VisualStudioVersion = 17.5.002.0
MinimumVisualStudioVersion = 10.0.40219.1
Project("{9A19103F-16F7-4668-BE54-9A1E7A4F7556}") = "iThome2024.SalesService", "iThome2024.SalesService.csproj", "{407F86BE-6012-4D85-9DEF-9B0FA9A2F70A}"
EndProject
Global
	GlobalSection(SolutionConfigurationPlatforms) = preSolution
		Debug|Any CPU = Debug|Any CPU
		Release|Any CPU = Release|Any CPU
	EndGlobalSection
	GlobalSection(ProjectConfigurationPlatforms) = postSolution
		{407F86BE-6012-4D85-9DEF-9B0FA9A2F70A}.Debug|Any CPU.ActiveCfg = Debug|Any CPU
		{407F86BE-6012-4D85-9DEF-9B0FA9A2F70A}.Debug|Any CPU.Build.0 = Debug|Any CPU
		{407F86BE-6012-4D85-9DEF-9B0FA9A2F70A}.Release|Any CPU.ActiveCfg = Release|Any CPU
		{407F86BE-6012-4D85-9DEF-9B0FA9A2F70A}.Release|Any CPU.Build.0 = Release|Any CPU
	EndGlobalSection
	GlobalSection(SolutionProperties) = preSolution
		HideSolutionNode = FALSE
	EndGlobalSection
	GlobalSection(ExtensibilityGlobals) = postSolution
		SolutionGuid = {78C264E0-E6DC-4664-9B09-72A06D54459E}
	EndGlobalSection
EndGlobal
